
Microsoft Visual Studio Solution File, Format Version 12.00
# Visual Studio Version 16
VisualStudioVersion = 16.0.30717.126
MinimumVisualStudioVersion = 10.0.40219.1
Project("{FAE04EC0-301F-11D3-BF4B-00C04F79EFBC}") = "DBTA", "DBTA\DBTA.csproj", "{867907E5-7747-4519-A69D-836795F405F7}"
EndProject
Global
	GlobalSection(SolutionConfigurationPlatforms) = preSolution
		Debug|Any CPU = Debug|Any CPU
		Release|Any CPU = Release|Any CPU
	EndGlobalSection
	GlobalSection(ProjectConfigurationPlatforms) = postSolution
		{867907E5-7747-4519-A69D-836795F405F7}.Debug|Any CPU.ActiveCfg = Debug|Any CPU
		{867907E5-7747-4519-A69D-836795F405F7}.Debug|Any CPU.Build.0 = Debug|Any CPU
		{867907E5-7747-4519-A69D-836795F405F7}.Release|Any CPU.ActiveCfg = Release|Any CPU
		{867907E5-7747-4519-A69D-836795F405F7}.Release|Any CPU.Build.0 = Release|Any CPU
	EndGlobalSection
	GlobalSection(SolutionProperties) = preSolution
		HideSolutionNode = FALSE
	EndGlobalSection
	GlobalSection(ExtensibilityGlobals) = postSolution
		SolutionGuid = {EFA59844-38A7-4714-8A97-B5203EA0459E}
	EndGlobalSection
EndGlobal
